// !$*UTF8*$!
{
	archiveVersion = 1;
	classes = {
	};
	objectVersion = 50;
	objects = {

/* Begin PBXBuildFile section */
		A71DC9A8245DE198007527D9 /* AppDelegate.swift in Sources */ = {isa = PBXBuildFile; fileRef = A71DC9A7245DE198007527D9 /* AppDelegate.swift */; };
		A71DC9AA245DE198007527D9 /* SceneDelegate.swift in Sources */ = {isa = PBXBuildFile; fileRef = A71DC9A9245DE198007527D9 /* SceneDelegate.swift */; };
		A71DC9AC245DE198007527D9 /* ViewController.swift in Sources */ = {isa = PBXBuildFile; fileRef = A71DC9AB245DE198007527D9 /* ViewController.swift */; };
		A71DC9AF245DE198007527D9 /* Main.storyboard in Resources */ = {isa = PBXBuildFile; fileRef = A71DC9AD245DE198007527D9 /* Main.storyboard */; };
		A71DC9B1245DE19A007527D9 /* Assets.xcassets in Resources */ = {isa = PBXBuildFile; fileRef = A71DC9B0245DE19A007527D9 /* Assets.xcassets */; };
		A71DC9B4245DE19A007527D9 /* LaunchScreen.storyboard in Resources */ = {isa = PBXBuildFile; fileRef = A71DC9B2245DE19A007527D9 /* LaunchScreen.storyboard */; };
/* End PBXBuildFile section */

/* Begin PBXFileReference section */
		A71DC9A4245DE198007527D9 /* WeekDateFinder.app */ = {isa = PBXFileReference; explicitFileType = wrapper.application; includeInIndex = 0; path = WeekDateFinder.app; sourceTree = BUILT_PRODUCTS_DIR; };
		A71DC9A7245DE198007527D9 /* AppDelegate.swift */ = {isa = PBXFileReference; lastKnownFileType = sourcecode.swift; path = AppDelegate.swift; sourceTree = "<group>"; };
		A71DC9A9245DE198007527D9 /* SceneDelegate.swift */ = {isa = PBXFileReference; lastKnownFileType = sourcecode.swift; path = SceneDelegate.swift; sourceTree = "<group>"; };
		A71DC9AB245DE198007527D9 /* ViewController.swift */ = {isa = PBXFileReference; lastKnownFileType = sourcecode.swift; path = ViewController.swift; sourceTree = "<group>"; };
		A71DC9AE245DE198007527D9 /* Base */ = {isa = PBXFileReference; lastKnownFileType = file.storyboard; name = Base; path = Base.lproj/Main.storyboard; sourceTree = "<group>"; };
		A71DC9B0245DE19A007527D9 /* Assets.xcassets */ = {isa = PBXFileReference; lastKnownFileType = folder.assetcatalog; path = Assets.xcassets; sourceTree = "<group>"; };
		A71DC9B3245DE19A007527D9 /* Base */ = {isa = PBXFileReference; lastKnownFileType = file.storyboard; name = Base; path = Base.lproj/LaunchScreen.storyboard; sourceTree = "<group>"; };
		A71DC9B5245DE19A007527D9 /* Info.plist */ = {isa = PBXFileReference; lastKnownFileType = text.plist.xml; path = Info.plist; sourceTree = "<group>"; };
/* End PBXFileReference section */

/* Begin PBXFrameworksBuildPhase section */
		A71DC9A1245DE198007527D9 /* Frameworks */ = {
			isa = PBXFrameworksBuildPhase;
			buildActionMask = 2147483647;
			files = (
			);
			runOnlyForDeploymentPostprocessing = 0;
		};
/* End PBXFrameworksBuildPhase section */

/* Begin PBXGroup section */
		A71DC99B245DE198007527D9 = {
			isa = PBXGroup;
			children = (
				A71DC9A6245DE198007527D9 /* WeekDateFinder */,
				A71DC9A5245DE198007527D9 /* Products */,
			);
			sourceTree = "<group>";
		};
		A71DC9A5245DE198007527D9 /* Products */ = {
			isa = PBXGroup;
			children = (
				A71DC9A4245DE198007527D9 /* WeekDateFinder.app */,
			);
			name = Products;
			sourceTree = "<group>";
		};
		A71DC9A6245DE198007527D9 /* WeekDateFinder */ = {
			isa = PBXGroup;
			children = (
				A71DC9A7245DE198007527D9 /* AppDelegate.swift */,
				A71DC9A9245DE198007527D9 /* SceneDelegate.swift */,
				A71DC9AB245DE198007527D9 /* ViewController.swift */,
				A71DC9AD245DE198007527D9 /* Main.storyboard */,
				A71DC9B0245DE19A007527D9 /* Assets.xcassets */,
				A71DC9B2245DE19A007527D9 /* LaunchScreen.storyboard */,
				A71DC9B5245DE19A007527D9 /* Info.plist */,
			);
			path = WeekDateFinder;
			sourceTree = "<group>";
		};
/* End PBXGroup section */

/* Begin PBXNativeTarget section */
		A71DC9A3245DE198007527D9 /* WeekDateFinder */ = {
			isa = PBXNativeTarget;
			buildConfigurationList = A71DC9B8245DE19A007527D9 /* Build configuration list for PBXNativeTarget "WeekDateFinder" */;
			buildPhases = (
				A71DC9A0245DE198007527D9 /* Sources */,
				A71DC9A1245DE198007527D9 /* Frameworks */,
				A71DC9A2245DE198007527D9 /* Resources */,
			);
			buildRules = (
			);
			dependencies = (
			);
			name = WeekDateFinder;
			productName = WeekDateFinder;
			productReference = A71DC9A4245DE198007527D9 /* WeekDateFinder.app */;
			productType = "com.apple.product-type.application";
		};
/* End PBXNativeTarget section */

/* Begin PBXProject section */
		A71DC99C245DE198007527D9 /* Project object */ = {
			isa = PBXProject;
			attributes = {
				LastSwiftUpdateCheck = 1140;
				LastUpgradeCheck = 1140;
				ORGANIZATIONNAME = "Bolshakov Nikita";
				TargetAttributes = {
					A71DC9A3245DE198007527D9 = {
						CreatedOnToolsVersion = 11.4.1;
					};
				};
			};
			buildConfigurationList = A71DC99F245DE198007527D9 /* Build configuration list for PBXProject "WeekDateFinder" */;
			compatibilityVersion = "Xcode 9.3";
			developmentRegion = en;
			hasScannedForEncodings = 0;
			knownRegions = (
				en,
				Base,
			);
			mainGroup = A71DC99B245DE198007527D9;
			productRefGroup = A71DC9A5245DE198007527D9 /* Products */;
			projectDirPath = "";
			projectRoot = "";
			targets = (
				A71DC9A3245DE198007527D9 /* WeekDateFinder */,
			);
		};
/* End PBXProject section */

/* Begin PBXResourcesBuildPhase section */
		A71DC9A2245DE198007527D9 /* Resources */ = {
			isa = PBXResourcesBuildPhase;
			buildActionMask = 2147483647;
			files = (
				A71DC9B4245DE19A007527D9 /* LaunchScreen.storyboard in Resources */,
				A71DC9B1245DE19A007527D9 /* Assets.xcassets in Resources */,
				A71DC9AF245DE198007527D9 /* Main.storyboard in Resources */,
			);
			runOnlyForDeploymentPostprocessing = 0;
		};
/* End PBXResourcesBuildPhase section */

/* Begin PBXSourcesBuildPhase section */
		A71DC9A0245DE198007527D9 /* Sources */ = {
			isa = PBXSourcesBuildPhase;
			buildActionMask = 2147483647;
			files = (
				A71DC9AC245DE198007527D9 /* ViewController.swift in Sources */,
				A71DC9A8245DE198007527D9 /* AppDelegate.swift in Sources */,
				A71DC9AA245DE198007527D9 /* SceneDelegate.swift in Sources */,
			);
			runOnlyForDeploymentPostprocessing = 0;
		};
/* End PBXSourcesBuildPhase section */

/* Begin PBXVariantGroup section */
		A71DC9AD245DE198007527D9 /* Main.storyboard */ = {
			isa = PBXVariantGroup;
			children = (
				A71DC9AE245DE198007527D9 /* Base */,
			);
			name = Main.storyboard;
			sourceTree = "<group>";
		};
		A71DC9B2245DE19A007527D9 /* LaunchScreen.storyboard */ = {
			isa = PBXVariantGroup;
			children = (
				A71DC9B3245DE19A007527D9 /* Base */,
			);
			name = LaunchScreen.storyboard;
			sourceTree = "<group>";
		};
/* End PBXVariantGroup section */

/* Begin XCBuildConfiguration section */
		A71DC9B6245DE19A007527D9 /* Debug */ = {
			isa = XCBuildConfiguration;
			buildSettings = {
				ALWAYS_SEARCH_USER_PATHS = NO;
				CLANG_ANALYZER_NONNULL = YES;
				CLANG_ANALYZER_NUMBER_OBJECT_CONVERSION = YES_AGGRESSIVE;
				CLANG_CXX_LANGUAGE_STANDARD = "gnu++14";
				CLANG_CXX_LIBRARY = "libc++";
				CLANG_ENABLE_MODULES = YES;
				CLANG_ENABLE_OBJC_ARC = YES;
				CLANG_ENABLE_OBJC_WEAK = YES;
				CLANG_WARN_BLOCK_CAPTURE_AUTORELEASING = YES;
				CLANG_WARN_BOOL_CONVERSION = YES;
				CLANG_WARN_COMMA = YES;
				CLANG_WARN_CONSTANT_CONVERSION = YES;
				CLANG_WARN_DEPRECATED_OBJC_IMPLEMENTATIONS = YES;
				CLANG_WARN_DIRECT_OBJC_ISA_USAGE = YES_ERROR;
				CLANG_WARN_DOCUMENTATION_COMMENTS = YES;
				CLANG_WARN_EMPTY_BODY = YES;
				CLANG_WARN_ENUM_CONVERSION = YES;
				CLANG_WARN_INFINITE_RECURSION = YES;
				CLANG_WARN_INT_CONVERSION = YES;
				CLANG_WARN_NON_LITERAL_NULL_CONVERSION = YES;
				CLANG_WARN_OBJC_IMPLICIT_RETAIN_SELF = YES;
				CLANG_WARN_OBJC_LITERAL_CONVERSION = YES;
				CLANG_WARN_OBJC_ROOT_CLASS = YES_ERROR;
				CLANG_WARN_RANGE_LOOP_ANALYSIS = YES;
				CLANG_WARN_STRICT_PROTOTYPES = YES;
				CLANG_WARN_SUSPICIOUS_MOVE = YES;
				CLANG_WARN_UNGUARDED_AVAILABILITY = YES_AGGRESSIVE;
				CLANG_WARN_UNREACHABLE_CODE = YES;
				CLANG_WARN__DUPLICATE_METHOD_MATCH = YES;
				COPY_PHASE_STRIP = NO;
				DEBUG_INFORMATION_FORMAT = dwarf;
				ENABLE_STRICT_OBJC_MSGSEND = YES;
				ENABLE_TESTABILITY = YES;
				GCC_C_LANGUAGE_STANDARD = gnu11;
				GCC_DYNAMIC_NO_PIC = NO;
				GCC_NO_COMMON_BLOCKS = YES;
				GCC_OPTIMIZATION_LEVEL = 0;
				GCC_PREPROCESSOR_DEFINITIONS = (
					"DEBUG=1",
					"$(inherited)",
				);
				GCC_WARN_64_TO_32_BIT_CONVERSION = YES;
				GCC_WARN_ABOUT_RETURN_TYPE = YES_ERROR;
				GCC_WARN_UNDECLARED_SELECTOR = YES;
				GCC_WARN_UNINITIALIZED_AUTOS = YES_AGGRESSIVE;
				GCC_WARN_UNUSED_FUNCTION = YES;
				GCC_WARN_UNUSED_VARIABLE = YES;
				IPHONEOS_DEPLOYMENT_TARGET = 13.4;
				MTL_ENABLE_DEBUG_INFO = INCLUDE_SOURCE;
				MTL_FAST_MATH = YES;
				ONLY_ACTIVE_ARCH = YES;
				SDKROOT = iphoneos;
				SWIFT_ACTIVE_COMPILATION_CONDITIONS = DEBUG;
				SWIFT_OPTIMIZATION_LEVEL = "-Onone";
			};
			name = Debug;
		};
		A71DC9B7245DE19A007527D9 /* Release */ = {
			isa = XCBuildConfiguration;
			buildSettings = {
				ALWAYS_SEARCH_USER_PATHS = NO;
				CLANG_ANALYZER_NONNULL = YES;
				CLANG_ANALYZER_NUMBER_OBJECT_CONVERSION = YES_AGGRESSIVE;
				CLANG_CXX_LANGUAGE_STANDARD = "gnu++14";
				CLANG_CXX_LIBRARY = "libc++";
				CLANG_ENABLE_MODULES = YES;
				CLANG_ENABLE_OBJC_ARC = YES;
				CLANG_ENABLE_OBJC_WEAK = YES;
				CLANG_WARN_BLOCK_CAPTURE_AUTORELEASING = YES;
				CLANG_WARN_BOOL_CONVERSION = YES;
				CLANG_WARN_COMMA = YES;
				CLANG_WARN_CONSTANT_CONVERSION = YES;
				CLANG_WARN_DEPRECATED_OBJC_IMPLEMENTATIONS = YES;
				CLANG_WARN_DIRECT_OBJC_ISA_USAGE = YES_ERROR;
				CLANG_WARN_DOCUMENTATION_COMMENTS = YES;
				CLANG_WARN_EMPTY_BODY = YES;
				CLANG_WARN_ENUM_CONVERSION = YES;
				CLANG_WARN_INFINITE_RECURSION = YES;
				CLANG_WARN_INT_CONVERSION = YES;
				CLANG_WARN_NON_LITERAL_NULL_CONVERSION = YES;
				CLANG_WARN_OBJC_IMPLICIT_RETAIN_SELF = YES;
				CLANG_WARN_OBJC_LITERAL_CONVERSION = YES;
				CLANG_WARN_OBJC_ROOT_CLASS = YES_ERROR;
				CLANG_WARN_RANGE_LOOP_ANALYSIS = YES;
				CLANG_WARN_STRICT_PROTOTYPES = YES;
				CLANG_WARN_SUSPICIOUS_MOVE = YES;
				CLANG_WARN_UNGUARDED_AVAILABILITY = YES_AGGRESSIVE;
				CLANG_WARN_UNREACHABLE_CODE = YES;
				CLANG_WARN__DUPLICATE_METHOD_MATCH = YES;
				COPY_PHASE_STRIP = NO;
				DEBUG_INFORMATION_FORMAT = "dwarf-with-dsym";
				ENABLE_NS_ASSERTIONS = NO;
				ENABLE_STRICT_OBJC_MSGSEND = YES;
				GCC_C_LANGUAGE_STANDARD = gnu11;
				GCC_NO_COMMON_BLOCKS = YES;
				GCC_WARN_64_TO_32_BIT_CONVERSION = YES;
				GCC_WARN_ABOUT_RETURN_TYPE = YES_ERROR;
				GCC_WARN_UNDECLARED_SELECTOR = YES;
				GCC_WARN_UNINITIALIZED_AUTOS = YES_AGGRESSIVE;
				GCC_WARN_UNUSED_FUNCTION = YES;
				GCC_WARN_UNUSED_VARIABLE = YES;
				IPHONEOS_DEPLOYMENT_TARGET = 13.4;
				MTL_ENABLE_DEBUG_INFO = NO;
				MTL_FAST_MATH = YES;
				SDKROOT = iphoneos;
				SWIFT_COMPILATION_MODE = wholemodule;
				SWIFT_OPTIMIZATION_LEVEL = "-O";
				VALIDATE_PRODUCT = YES;
			};
			name = Release;
		};
		A71DC9B9245DE19A007527D9 /* Debug */ = {
			isa = XCBuildConfiguration;
			buildSettings = {
				ASSETCATALOG_COMPILER_APPICON_NAME = AppIcon;
				CODE_SIGN_STYLE = Automatic;
				DEVELOPMENT_TEAM = 9PDY57Q2CW;
				INFOPLIST_FILE = WeekDateFinder/Info.plist;
				LD_RUNPATH_SEARCH_PATHS = (
					"$(inherited)",
					"@executable_path/Frameworks",
				);
				PRODUCT_BUNDLE_IDENTIFIER = Titanoboa.WeekDateFinder;
				PRODUCT_NAME = "$(TARGET_NAME)";
				SWIFT_VERSION = 5.0;
				TARGETED_DEVICE_FAMILY = "1,2";
			};
			name = Debug;
		};
		A71DC9BA245DE19A007527D9 /* Release */ = {
			isa = XCBuildConfiguration;
			buildSettings = {
				ASSETCATALOG_COMPILER_APPICON_NAME = AppIcon;
				CODE_SIGN_STYLE = Automatic;
				DEVELOPMENT_TEAM = 9PDY57Q2CW;
				INFOPLIST_FILE = WeekDateFinder/Info.plist;
				LD_RUNPATH_SEARCH_PATHS = (
					"$(inherited)",
					"@executable_path/Frameworks",
				);
				PRODUCT_BUNDLE_IDENTIFIER = Titanoboa.WeekDateFinder;
				PRODUCT_NAME = "$(TARGET_NAME)";
				SWIFT_VERSION = 5.0;
				TARGETED_DEVICE_FAMILY = "1,2";
			};
			name = Release;
		};
/* End XCBuildConfiguration section */

/* Begin XCConfigurationList section */
		A71DC99F245DE198007527D9 /* Build configuration list for PBXProject "WeekDateFinder" */ = {
			isa = XCConfigurationList;
			buildConfigurations = (
				A71DC9B6245DE19A007527D9 /* Debug */,
				A71DC9B7245DE19A007527D9 /* Release */,
			);
			defaultConfigurationIsVisible = 0;
			defaultConfigurationName = Release;
		};
		A71DC9B8245DE19A007527D9 /* Build configuration list for PBXNativeTarget "WeekDateFinder" */ = {
			isa = XCConfigurationList;
			buildConfigurations = (
				A71DC9B9245DE19A007527D9 /* Debug */,
				A71DC9BA245DE19A007527D9 /* Release */,
			);
			defaultConfigurationIsVisible = 0;
			defaultConfigurationName = Release;
		};
/* End XCConfigurationList section */
	};
	rootObject = A71DC99C245DE198007527D9 /* Project object */;
}
